
Microsoft Visual Studio Solution File, Format Version 12.00
# Visual Studio Version 17
VisualStudioVersion = 17.4.33205.214
MinimumVisualStudioVersion = 10.0.40219.1
Project("{9A19103F-16F7-4668-BE54-9A1E7A4F7556}") = "MCPP.AeroBooking.WebApi", "..\MCPP.AeroBooking.WebApi\MCPP.AeroBooking.WebApi.csproj", "{861E43C9-8DE0-4350-8460-7C54E81CBB92}"
EndProject
Project("{FAE04EC0-301F-11D3-BF4B-00C04F79EFBC}") = "MCPP.AeroBooking.EfCore", "MCPP.AeroBooking.EfCore\MCPP.AeroBooking.EfCore.csproj", "{DD8B263D-12D0-4D5E-B4BB-3F8423F3F782}"
EndProject
Project("{FAE04EC0-301F-11D3-BF4B-00C04F79EFBC}") = "MCPP.AeroBooking.Entities", "MCPP.AeroBooking.Entities\MCPP.AeroBooking.Entities.csproj", "{3B670A4E-24C8-4358-8E69-B9818A612550}"
EndProject
Project("{FAE04EC0-301F-11D3-BF4B-00C04F79EFBC}") = "MCPP.AeroBooking.Utilities", "MCPP.AeroBooking.Utilities\MCPP.AeroBooking.Utilities.csproj", "{8C1B6D69-A3A8-49AC-95D5-FB3F8D4E049A}"
EndProject
Project("{FAE04EC0-301F-11D3-BF4B-00C04F79EFBC}") = "MCPP.AeroBooking.Dtos", "MCPP.AeroBooking.Dtos\MCPP.AeroBooking.Dtos.csproj", "{A44B2095-319C-45AB-9D39-89D1CCD93936}"
EndProject
Global
	GlobalSection(SolutionConfigurationPlatforms) = preSolution
		Debug|Any CPU = Debug|Any CPU
		Release|Any CPU = Release|Any CPU
	EndGlobalSection
	GlobalSection(ProjectConfigurationPlatforms) = postSolution
		{861E43C9-8DE0-4350-8460-7C54E81CBB92}.Debug|Any CPU.ActiveCfg = Debug|Any CPU
		{861E43C9-8DE0-4350-8460-7C54E81CBB92}.Debug|Any CPU.Build.0 = Debug|Any CPU
		{861E43C9-8DE0-4350-8460-7C54E81CBB92}.Release|Any CPU.ActiveCfg = Release|Any CPU
		{861E43C9-8DE0-4350-8460-7C54E81CBB92}.Release|Any CPU.Build.0 = Release|Any CPU
		{DD8B263D-12D0-4D5E-B4BB-3F8423F3F782}.Debug|Any CPU.ActiveCfg = Debug|Any CPU
		{DD8B263D-12D0-4D5E-B4BB-3F8423F3F782}.Debug|Any CPU.Build.0 = Debug|Any CPU
		{DD8B263D-12D0-4D5E-B4BB-3F8423F3F782}.Release|Any CPU.ActiveCfg = Release|Any CPU
		{DD8B263D-12D0-4D5E-B4BB-3F8423F3F782}.Release|Any CPU.Build.0 = Release|Any CPU
		{3B670A4E-24C8-4358-8E69-B9818A612550}.Debug|Any CPU.ActiveCfg = Debug|Any CPU
		{3B670A4E-24C8-4358-8E69-B9818A612550}.Debug|Any CPU.Build.0 = Debug|Any CPU
		{3B670A4E-24C8-4358-8E69-B9818A612550}.Release|Any CPU.ActiveCfg = Release|Any CPU
		{3B670A4E-24C8-4358-8E69-B9818A612550}.Release|Any CPU.Build.0 = Release|Any CPU
		{8C1B6D69-A3A8-49AC-95D5-FB3F8D4E049A}.Debug|Any CPU.ActiveCfg = Debug|Any CPU
		{8C1B6D69-A3A8-49AC-95D5-FB3F8D4E049A}.Debug|Any CPU.Build.0 = Debug|Any CPU
		{8C1B6D69-A3A8-49AC-95D5-FB3F8D4E049A}.Release|Any CPU.ActiveCfg = Release|Any CPU
		{8C1B6D69-A3A8-49AC-95D5-FB3F8D4E049A}.Release|Any CPU.Build.0 = Release|Any CPU
		{A44B2095-319C-45AB-9D39-89D1CCD93936}.Debug|Any CPU.ActiveCfg = Debug|Any CPU
		{A44B2095-319C-45AB-9D39-89D1CCD93936}.Debug|Any CPU.Build.0 = Debug|Any CPU
		{A44B2095-319C-45AB-9D39-89D1CCD93936}.Release|Any CPU.ActiveCfg = Release|Any CPU
		{A44B2095-319C-45AB-9D39-89D1CCD93936}.Release|Any CPU.Build.0 = Release|Any CPU
	EndGlobalSection
	GlobalSection(SolutionProperties) = preSolution
		HideSolutionNode = FALSE
	EndGlobalSection
	GlobalSection(ExtensibilityGlobals) = postSolution
		SolutionGuid = {B8EC5985-CCCD-401F-B3B5-10A736245AD3}
	EndGlobalSection
EndGlobal
